
Microsoft Visual Studio Solution File, Format Version 12.00
# Visual Studio Version 17
VisualStudioVersion = 17.0.31903.59
MinimumVisualStudioVersion = 10.0.40219.1
Project("{2150E333-8FDC-42A3-9474-1A3956D46DE8}") = "src", "src", "{488C25EB-A9BC-4274-899D-D2F749BF0917}"
EndProject
Project("{FAE04EC0-301F-11D3-BF4B-00C04F79EFBC}") = "MwbSwb.Core", "src\MwbSwb.Core\MwbSwb.Core.csproj", "{885568F4-3B30-486A-9601-2436F0232433}"
EndProject
Project("{FAE04EC0-301F-11D3-BF4B-00C04F79EFBC}") = "MwbSwb.Audio", "src\MwbSwb.Audio\MwbSwb.Audio.csproj", "{2ABB09DA-DC9C-4F27-A62B-2E3EE85CCD87}"
EndProject
Project("{FAE04EC0-301F-11D3-BF4B-00C04F79EFBC}") = "MwbSwb.App", "src\MwbSwb.App\MwbSwb.App.csproj", "{A7513975-632C-4AA8-B56B-72F643FC6937}"
EndProject
Global
	GlobalSection(SolutionConfigurationPlatforms) = preSolution
		Debug|Any CPU = Debug|Any CPU
		Release|Any CPU = Release|Any CPU
	EndGlobalSection
	GlobalSection(SolutionProperties) = preSolution
		HideSolutionNode = FALSE
	EndGlobalSection
	GlobalSection(ProjectConfigurationPlatforms) = postSolution
		{885568F4-3B30-486A-9601-2436F0232433}.Debug|Any CPU.ActiveCfg = Debug|Any CPU
		{885568F4-3B30-486A-9601-2436F0232433}.Debug|Any CPU.Build.0 = Debug|Any CPU
		{885568F4-3B30-486A-9601-2436F0232433}.Release|Any CPU.ActiveCfg = Release|Any CPU
		{885568F4-3B30-486A-9601-2436F0232433}.Release|Any CPU.Build.0 = Release|Any CPU
		{2ABB09DA-DC9C-4F27-A62B-2E3EE85CCD87}.Debug|Any CPU.ActiveCfg = Debug|Any CPU
		{2ABB09DA-DC9C-4F27-A62B-2E3EE85CCD87}.Debug|Any CPU.Build.0 = Debug|Any CPU
		{2ABB09DA-DC9C-4F27-A62B-2E3EE85CCD87}.Release|Any CPU.ActiveCfg = Release|Any CPU
		{2ABB09DA-DC9C-4F27-A62B-2E3EE85CCD87}.Release|Any CPU.Build.0 = Release|Any CPU
		{A7513975-632C-4AA8-B56B-72F643FC6937}.Debug|Any CPU.ActiveCfg = Debug|Any CPU
		{A7513975-632C-4AA8-B56B-72F643FC6937}.Debug|Any CPU.Build.0 = Debug|Any CPU
		{A7513975-632C-4AA8-B56B-72F643FC6937}.Release|Any CPU.ActiveCfg = Release|Any CPU
		{A7513975-632C-4AA8-B56B-72F643FC6937}.Release|Any CPU.Build.0 = Release|Any CPU
	EndGlobalSection
	GlobalSection(NestedProjects) = preSolution
		{885568F4-3B30-486A-9601-2436F0232433} = {488C25EB-A9BC-4274-899D-D2F749BF0917}
		{2ABB09DA-DC9C-4F27-A62B-2E3EE85CCD87} = {488C25EB-A9BC-4274-899D-D2F749BF0917}
		{A7513975-632C-4AA8-B56B-72F643FC6937} = {488C25EB-A9BC-4274-899D-D2F749BF0917}
	EndGlobalSection
EndGlobal
